
Microsoft Visual Studio Solution File, Format Version 12.00
# Visual Studio Version 16
VisualStudioVersion = 16.0.29230.47
MinimumVisualStudioVersion = 10.0.40219.1
Project("{9092AA53-FB77-4645-B42D-1CCCA6BD08BD}") = "student enrollment system", "student enrollment system.njsproj", "{86FA9F26-043F-499A-AD20-8F785E4D9898}"
EndProject
Global
	GlobalSection(SolutionConfigurationPlatforms) = preSolution
		Debug|Any CPU = Debug|Any CPU
		Release|Any CPU = Release|Any CPU
	EndGlobalSection
	GlobalSection(ProjectConfigurationPlatforms) = postSolution
		{86FA9F26-043F-499A-AD20-8F785E4D9898}.Debug|Any CPU.ActiveCfg = Debug|Any CPU
		{86FA9F26-043F-499A-AD20-8F785E4D9898}.Debug|Any CPU.Build.0 = Debug|Any CPU
		{86FA9F26-043F-499A-AD20-8F785E4D9898}.Release|Any CPU.ActiveCfg = Release|Any CPU
		{86FA9F26-043F-499A-AD20-8F785E4D9898}.Release|Any CPU.Build.0 = Release|Any CPU
	EndGlobalSection
	GlobalSection(SolutionProperties) = preSolution
		HideSolutionNode = FALSE
	EndGlobalSection
	GlobalSection(ExtensibilityGlobals) = postSolution
		SolutionGuid = {6A034024-9CE4-45CE-A025-E2581E8B9D0F}
	EndGlobalSection
EndGlobal
